
Microsoft Visual Studio Solution File, Format Version 12.00
# Visual Studio Version 18
VisualStudioVersion = 18.0.11205.157 d18.0
MinimumVisualStudioVersion = 10.0.40219.1
Project("{FAE04EC0-301F-11D3-BF4B-00C04F79EFBC}") = "WebAPI_BanGaRan", "WebAPI_BanGaRan.csproj", "{94E2AC4D-61E4-451A-8A5F-DD5900B2891C}"
EndProject
Global
	GlobalSection(SolutionConfigurationPlatforms) = preSolution
		Debug|Any CPU = Debug|Any CPU
		Release|Any CPU = Release|Any CPU
	EndGlobalSection
	GlobalSection(ProjectConfigurationPlatforms) = postSolution
		{94E2AC4D-61E4-451A-8A5F-DD5900B2891C}.Debug|Any CPU.ActiveCfg = Debug|Any CPU
		{94E2AC4D-61E4-451A-8A5F-DD5900B2891C}.Debug|Any CPU.Build.0 = Debug|Any CPU
		{94E2AC4D-61E4-451A-8A5F-DD5900B2891C}.Release|Any CPU.ActiveCfg = Release|Any CPU
		{94E2AC4D-61E4-451A-8A5F-DD5900B2891C}.Release|Any CPU.Build.0 = Release|Any CPU
	EndGlobalSection
	GlobalSection(SolutionProperties) = preSolution
		HideSolutionNode = FALSE
	EndGlobalSection
	GlobalSection(ExtensibilityGlobals) = postSolution
		SolutionGuid = {001EC6AB-CFE8-4DB1-B5B4-714035B4C54D}
	EndGlobalSection
EndGlobal
